
Microsoft Visual Studio Solution File, Format Version 12.00
Project("{2150E333-8FDC-42A3-9474-1A3956D46DE8}") = "Playground", "src\Playground", "{5C1B6115-C74C-42CC-97C0-E4ED8D293AEA}"
EndProject
Project("{2150E333-8FDC-42A3-9474-1A3956D46DE8}") = "dotnet", "src\dotnet", "{9B57941A-958F-4F59-9E82-8C5D67BAE694}"
EndProject
Project("{FAE04EC0-301F-11D3-BF4B-00C04F79EFBC}") = "CuriouslyRecurringGenericPattern", "src\dotnet\patterns\CuriouslyRecurringGenericPattern\CuriouslyRecurringGenericPattern.csproj", "{9C9D148C-F15B-4F69-90A4-695874701A29}"
EndProject
Project("{FAE04EC0-301F-11D3-BF4B-00C04F79EFBC}") = "DefaultInterfaceMethod", "src\dotnet\patterns\DefaultInterfaceMethod\DefaultInterfaceMethod.csproj", "{62CDC75A-1655-453F-8A36-0E477AEE68D1}"
EndProject
Project("{FAE04EC0-301F-11D3-BF4B-00C04F79EFBC}") = "PrimitiveObsession", "src\dotnet\patterns\PrimitiveObsession\PrimitiveObsession.csproj", "{C8DD7AC9-0C43-481A-A243-CB64540DAB48}"
EndProject
Project("{FAE04EC0-301F-11D3-BF4B-00C04F79EFBC}") = "SampleProject", "src\Samples\SampleProject\SampleProject.csproj", "{DA452D87-6450-4840-BF43-8DD8F79DFDB8}"
EndProject
Project("{2150E333-8FDC-42A3-9474-1A3956D46DE8}") = "Samples", "src\Samples", "{D2CF0955-28BA-499E-93CE-20422B26602F}"
EndProject
Project("{2150E333-8FDC-42A3-9474-1A3956D46DE8}") = "Solution Items", "Solution Items", "{401ACA81-AB6F-49CF-9145-60539530F29D}"
	ProjectSection(SolutionItems) = preProject
		Directory.Build.props = Directory.Build.props
		Directory.Package.props = Directory.Package.props
	EndProjectSection
EndProject
Project("{FAE04EC0-301F-11D3-BF4B-00C04F79EFBC}") = "ApiVersioningSwagger", "src\dotnet\configurations\ApiVersioningSwagger\ApiVersioningSwagger.csproj", "{A52E4D9D-BAE6-4B9B-B608-C9A2E1A8AF8A}"
EndProject
Project("{2150E333-8FDC-42A3-9474-1A3956D46DE8}") = "patterns", "src\dotnet\patterns", "{494D0280-F530-49FB-A426-65A74CD86C90}"
EndProject
Project("{2150E333-8FDC-42A3-9474-1A3956D46DE8}") = "configurations", "src\dotnet\configurations", "{A312C434-6024-435C-BE49-134420005387}"
EndProject
Project("{2150E333-8FDC-42A3-9474-1A3956D46DE8}") = "templates", "src\dotnet\templates", "{BD261864-7529-4A97-A21C-6A2D56121DE8}"
EndProject
Project("{2150E333-8FDC-42A3-9474-1A3956D46DE8}") = "FSH", "src\dotnet\templates\FSH", "{94AE3570-5EB9-483C-8D28-4A6AA7998D8F}"
EndProject
Project("{FAE04EC0-301F-11D3-BF4B-00C04F79EFBC}") = "Application", "src\dotnet\templates\FSH\FullStackHeroWebAPIBoilerplate\src\Core\Application\Application.csproj", "{1FD91681-2163-4577-A756-348FBE72CFCA}"
EndProject
Project("{FAE04EC0-301F-11D3-BF4B-00C04F79EFBC}") = "Domain", "src\dotnet\templates\FSH\FullStackHeroWebAPIBoilerplate\src\Core\Domain\Domain.csproj", "{218C916A-986E-4C89-B74A-D638E4ADCE7B}"
EndProject
Project("{FAE04EC0-301F-11D3-BF4B-00C04F79EFBC}") = "Shared", "src\dotnet\templates\FSH\FullStackHeroWebAPIBoilerplate\src\Core\Shared\Shared.csproj", "{39C4B950-9524-42BD-8F48-E32FD43A25F0}"
EndProject
Project("{FAE04EC0-301F-11D3-BF4B-00C04F79EFBC}") = "Host", "src\dotnet\templates\FSH\FullStackHeroWebAPIBoilerplate\src\Host\Host.csproj", "{7DB410EC-8217-4C5C-AC25-63EE00EF6BE9}"
EndProject
Project("{FAE04EC0-301F-11D3-BF4B-00C04F79EFBC}") = "Infrastructure", "src\dotnet\templates\FSH\FullStackHeroWebAPIBoilerplate\src\Infrastructure\Infrastructure.csproj", "{B93550AA-4A50-46F4-86F9-EF426F5DB644}"
EndProject
Project("{FAE04EC0-301F-11D3-BF4B-00C04F79EFBC}") = "Migrators.MSSQL", "src\dotnet\templates\FSH\FullStackHeroWebAPIBoilerplate\src\Migrators\Migrators.MSSQL\Migrators.MSSQL.csproj", "{AF565225-E375-49CC-AA43-3477D0C1D6DB}"
EndProject
Project("{FAE04EC0-301F-11D3-BF4B-00C04F79EFBC}") = "Migrators.MySQL", "src\dotnet\templates\FSH\FullStackHeroWebAPIBoilerplate\src\Migrators\Migrators.MySQL\Migrators.MySQL.csproj", "{19FDC1E6-A02B-4EAB-B24A-13B635EEB5B0}"
EndProject
Project("{FAE04EC0-301F-11D3-BF4B-00C04F79EFBC}") = "Migrators.Oracle", "src\dotnet\templates\FSH\FullStackHeroWebAPIBoilerplate\src\Migrators\Migrators.Oracle\Migrators.Oracle.csproj", "{3A800E7D-F489-4834-9C8B-257F23385633}"
EndProject
Project("{FAE04EC0-301F-11D3-BF4B-00C04F79EFBC}") = "Migrators.PostgreSQL", "src\dotnet\templates\FSH\FullStackHeroWebAPIBoilerplate\src\Migrators\Migrators.PostgreSQL\Migrators.PostgreSQL.csproj", "{7905F660-6F32-4656-A81E-632E6F9F7290}"
EndProject
Project("{FAE04EC0-301F-11D3-BF4B-00C04F79EFBC}") = "Infrastructure.Test", "src\dotnet\templates\FSH\FullStackHeroWebAPIBoilerplate\tests\Infrastructure.Test\Infrastructure.Test.csproj", "{366F8C82-0F2C-48DE-AC4A-747FED9C2B9A}"
EndProject
Project("{2150E333-8FDC-42A3-9474-1A3956D46DE8}") = "FullStackHeroWebAPIBoilerplate", "FullStackHeroWebAPIBoilerplate", "{2FEE7E62-FB8F-424F-93AD-6E2DC4264CFE}"
	ProjectSection(SolutionItems) = preProject
		src\dotnet\templates\FSH\FullStackHeroWebAPIBoilerplate\FullStackHeroWebAPIBoilerplate.sln = src\dotnet\templates\FSH\FullStackHeroWebAPIBoilerplate\FullStackHeroWebAPIBoilerplate.sln
	EndProjectSection
EndProject
Global
	GlobalSection(SolutionConfigurationPlatforms) = preSolution
		Debug|Any CPU = Debug|Any CPU
		Release|Any CPU = Release|Any CPU
	EndGlobalSection
	GlobalSection(NestedProjects) = preSolution
		{DA452D87-6450-4840-BF43-8DD8F79DFDB8} = {D2CF0955-28BA-499E-93CE-20422B26602F}
		{494D0280-F530-49FB-A426-65A74CD86C90} = {9B57941A-958F-4F59-9E82-8C5D67BAE694}
		{9C9D148C-F15B-4F69-90A4-695874701A29} = {494D0280-F530-49FB-A426-65A74CD86C90}
		{62CDC75A-1655-453F-8A36-0E477AEE68D1} = {494D0280-F530-49FB-A426-65A74CD86C90}
		{C8DD7AC9-0C43-481A-A243-CB64540DAB48} = {494D0280-F530-49FB-A426-65A74CD86C90}
		{A312C434-6024-435C-BE49-134420005387} = {9B57941A-958F-4F59-9E82-8C5D67BAE694}
		{A52E4D9D-BAE6-4B9B-B608-C9A2E1A8AF8A} = {A312C434-6024-435C-BE49-134420005387}
		{BD261864-7529-4A97-A21C-6A2D56121DE8} = {9B57941A-958F-4F59-9E82-8C5D67BAE694}
		{94AE3570-5EB9-483C-8D28-4A6AA7998D8F} = {BD261864-7529-4A97-A21C-6A2D56121DE8}
		{2FEE7E62-FB8F-424F-93AD-6E2DC4264CFE} = {94AE3570-5EB9-483C-8D28-4A6AA7998D8F}
		{1FD91681-2163-4577-A756-348FBE72CFCA} = {2FEE7E62-FB8F-424F-93AD-6E2DC4264CFE}
		{218C916A-986E-4C89-B74A-D638E4ADCE7B} = {2FEE7E62-FB8F-424F-93AD-6E2DC4264CFE}
		{7DB410EC-8217-4C5C-AC25-63EE00EF6BE9} = {2FEE7E62-FB8F-424F-93AD-6E2DC4264CFE}
		{B93550AA-4A50-46F4-86F9-EF426F5DB644} = {2FEE7E62-FB8F-424F-93AD-6E2DC4264CFE}
		{366F8C82-0F2C-48DE-AC4A-747FED9C2B9A} = {2FEE7E62-FB8F-424F-93AD-6E2DC4264CFE}
		{AF565225-E375-49CC-AA43-3477D0C1D6DB} = {2FEE7E62-FB8F-424F-93AD-6E2DC4264CFE}
		{19FDC1E6-A02B-4EAB-B24A-13B635EEB5B0} = {2FEE7E62-FB8F-424F-93AD-6E2DC4264CFE}
		{3A800E7D-F489-4834-9C8B-257F23385633} = {2FEE7E62-FB8F-424F-93AD-6E2DC4264CFE}
		{7905F660-6F32-4656-A81E-632E6F9F7290} = {2FEE7E62-FB8F-424F-93AD-6E2DC4264CFE}
		{39C4B950-9524-42BD-8F48-E32FD43A25F0} = {2FEE7E62-FB8F-424F-93AD-6E2DC4264CFE}
	EndGlobalSection
	GlobalSection(ProjectConfigurationPlatforms) = postSolution
		{9C9D148C-F15B-4F69-90A4-695874701A29}.Debug|Any CPU.ActiveCfg = Debug|Any CPU
		{9C9D148C-F15B-4F69-90A4-695874701A29}.Debug|Any CPU.Build.0 = Debug|Any CPU
		{9C9D148C-F15B-4F69-90A4-695874701A29}.Release|Any CPU.ActiveCfg = Release|Any CPU
		{9C9D148C-F15B-4F69-90A4-695874701A29}.Release|Any CPU.Build.0 = Release|Any CPU
		{62CDC75A-1655-453F-8A36-0E477AEE68D1}.Debug|Any CPU.ActiveCfg = Debug|Any CPU
		{62CDC75A-1655-453F-8A36-0E477AEE68D1}.Debug|Any CPU.Build.0 = Debug|Any CPU
		{62CDC75A-1655-453F-8A36-0E477AEE68D1}.Release|Any CPU.ActiveCfg = Release|Any CPU
		{62CDC75A-1655-453F-8A36-0E477AEE68D1}.Release|Any CPU.Build.0 = Release|Any CPU
		{C8DD7AC9-0C43-481A-A243-CB64540DAB48}.Debug|Any CPU.ActiveCfg = Debug|Any CPU
		{C8DD7AC9-0C43-481A-A243-CB64540DAB48}.Debug|Any CPU.Build.0 = Debug|Any CPU
		{C8DD7AC9-0C43-481A-A243-CB64540DAB48}.Release|Any CPU.ActiveCfg = Release|Any CPU
		{C8DD7AC9-0C43-481A-A243-CB64540DAB48}.Release|Any CPU.Build.0 = Release|Any CPU
		{DA452D87-6450-4840-BF43-8DD8F79DFDB8}.Debug|Any CPU.ActiveCfg = Debug|Any CPU
		{DA452D87-6450-4840-BF43-8DD8F79DFDB8}.Debug|Any CPU.Build.0 = Debug|Any CPU
		{DA452D87-6450-4840-BF43-8DD8F79DFDB8}.Release|Any CPU.ActiveCfg = Release|Any CPU
		{DA452D87-6450-4840-BF43-8DD8F79DFDB8}.Release|Any CPU.Build.0 = Release|Any CPU
		{A52E4D9D-BAE6-4B9B-B608-C9A2E1A8AF8A}.Debug|Any CPU.ActiveCfg = Debug|Any CPU
		{A52E4D9D-BAE6-4B9B-B608-C9A2E1A8AF8A}.Debug|Any CPU.Build.0 = Debug|Any CPU
		{A52E4D9D-BAE6-4B9B-B608-C9A2E1A8AF8A}.Release|Any CPU.ActiveCfg = Release|Any CPU
		{A52E4D9D-BAE6-4B9B-B608-C9A2E1A8AF8A}.Release|Any CPU.Build.0 = Release|Any CPU
		{1FD91681-2163-4577-A756-348FBE72CFCA}.Debug|Any CPU.ActiveCfg = Debug|Any CPU
		{1FD91681-2163-4577-A756-348FBE72CFCA}.Debug|Any CPU.Build.0 = Debug|Any CPU
		{1FD91681-2163-4577-A756-348FBE72CFCA}.Release|Any CPU.ActiveCfg = Release|Any CPU
		{1FD91681-2163-4577-A756-348FBE72CFCA}.Release|Any CPU.Build.0 = Release|Any CPU
		{218C916A-986E-4C89-B74A-D638E4ADCE7B}.Debug|Any CPU.ActiveCfg = Debug|Any CPU
		{218C916A-986E-4C89-B74A-D638E4ADCE7B}.Debug|Any CPU.Build.0 = Debug|Any CPU
		{218C916A-986E-4C89-B74A-D638E4ADCE7B}.Release|Any CPU.ActiveCfg = Release|Any CPU
		{218C916A-986E-4C89-B74A-D638E4ADCE7B}.Release|Any CPU.Build.0 = Release|Any CPU
		{39C4B950-9524-42BD-8F48-E32FD43A25F0}.Debug|Any CPU.ActiveCfg = Debug|Any CPU
		{39C4B950-9524-42BD-8F48-E32FD43A25F0}.Debug|Any CPU.Build.0 = Debug|Any CPU
		{39C4B950-9524-42BD-8F48-E32FD43A25F0}.Release|Any CPU.ActiveCfg = Release|Any CPU
		{39C4B950-9524-42BD-8F48-E32FD43A25F0}.Release|Any CPU.Build.0 = Release|Any CPU
		{7DB410EC-8217-4C5C-AC25-63EE00EF6BE9}.Debug|Any CPU.ActiveCfg = Debug|Any CPU
		{7DB410EC-8217-4C5C-AC25-63EE00EF6BE9}.Debug|Any CPU.Build.0 = Debug|Any CPU
		{7DB410EC-8217-4C5C-AC25-63EE00EF6BE9}.Release|Any CPU.ActiveCfg = Release|Any CPU
		{7DB410EC-8217-4C5C-AC25-63EE00EF6BE9}.Release|Any CPU.Build.0 = Release|Any CPU
		{B93550AA-4A50-46F4-86F9-EF426F5DB644}.Debug|Any CPU.ActiveCfg = Debug|Any CPU
		{B93550AA-4A50-46F4-86F9-EF426F5DB644}.Debug|Any CPU.Build.0 = Debug|Any CPU
		{B93550AA-4A50-46F4-86F9-EF426F5DB644}.Release|Any CPU.ActiveCfg = Release|Any CPU
		{B93550AA-4A50-46F4-86F9-EF426F5DB644}.Release|Any CPU.Build.0 = Release|Any CPU
		{AF565225-E375-49CC-AA43-3477D0C1D6DB}.Debug|Any CPU.ActiveCfg = Debug|Any CPU
		{AF565225-E375-49CC-AA43-3477D0C1D6DB}.Debug|Any CPU.Build.0 = Debug|Any CPU
		{AF565225-E375-49CC-AA43-3477D0C1D6DB}.Release|Any CPU.ActiveCfg = Release|Any CPU
		{AF565225-E375-49CC-AA43-3477D0C1D6DB}.Release|Any CPU.Build.0 = Release|Any CPU
		{19FDC1E6-A02B-4EAB-B24A-13B635EEB5B0}.Debug|Any CPU.ActiveCfg = Debug|Any CPU
		{19FDC1E6-A02B-4EAB-B24A-13B635EEB5B0}.Debug|Any CPU.Build.0 = Debug|Any CPU
		{19FDC1E6-A02B-4EAB-B24A-13B635EEB5B0}.Release|Any CPU.ActiveCfg = Release|Any CPU
		{19FDC1E6-A02B-4EAB-B24A-13B635EEB5B0}.Release|Any CPU.Build.0 = Release|Any CPU
		{3A800E7D-F489-4834-9C8B-257F23385633}.Debug|Any CPU.ActiveCfg = Debug|Any CPU
		{3A800E7D-F489-4834-9C8B-257F23385633}.Debug|Any CPU.Build.0 = Debug|Any CPU
		{3A800E7D-F489-4834-9C8B-257F23385633}.Release|Any CPU.ActiveCfg = Release|Any CPU
		{3A800E7D-F489-4834-9C8B-257F23385633}.Release|Any CPU.Build.0 = Release|Any CPU
		{7905F660-6F32-4656-A81E-632E6F9F7290}.Debug|Any CPU.ActiveCfg = Debug|Any CPU
		{7905F660-6F32-4656-A81E-632E6F9F7290}.Debug|Any CPU.Build.0 = Debug|Any CPU
		{7905F660-6F32-4656-A81E-632E6F9F7290}.Release|Any CPU.ActiveCfg = Release|Any CPU
		{7905F660-6F32-4656-A81E-632E6F9F7290}.Release|Any CPU.Build.0 = Release|Any CPU
		{366F8C82-0F2C-48DE-AC4A-747FED9C2B9A}.Debug|Any CPU.ActiveCfg = Debug|Any CPU
		{366F8C82-0F2C-48DE-AC4A-747FED9C2B9A}.Debug|Any CPU.Build.0 = Debug|Any CPU
		{366F8C82-0F2C-48DE-AC4A-747FED9C2B9A}.Release|Any CPU.ActiveCfg = Release|Any CPU
		{366F8C82-0F2C-48DE-AC4A-747FED9C2B9A}.Release|Any CPU.Build.0 = Release|Any CPU
	EndGlobalSection
EndGlobal
